{
  "name": "resolve-bin-sync",
  "version": "1.0.6",
  "lockfileVersion": 3,
  "requires": true,
  "packages": {
    "": {
      "name": "resolve-bin-sync",
      "version": "1.0.6",
      "license": "MIT",
      "dependencies": {
        "resolve": "*"
      },
      "devDependencies": {
        "@types/mocha": "*",
        "@types/node": "*"
      },
      "engines": {
        "node": ">=0.8"
      }
    },
    "node_modules/@types/mocha": {
      "version": "10.0.10",
      "dev": true,
      "license": "MIT"
    },
    "node_modules/@types/node": {
      "version": "24.9.1",
      "dev": true,
      "license": "MIT",
      "dependencies": {
        "undici-types": "~7.16.0"
      }
    },
    "node_modules/function-bind": {
      "version": "1.1.2",
      "license": "MIT",
      "funding": {
        "url": "https://github.com/sponsors/ljharb"
      }
    },
    "node_modules/hasown": {
      "version": "2.0.2",
      "license": "MIT",
      "dependencies": {
        "function-bind": "^1.1.2"
      },
      "engines": {
        "node": ">= 0.4"
      }
    },
    "node_modules/is-core-module": {
      "version": "2.16.1",
      "license": "MIT",
      "dependencies": {
        "hasown": "^2.0.2"
      },
      "engines": {
        "node": ">= 0.4"
      },
      "funding": {
        "url": "https://github.com/sponsors/ljharb"
      }
    },
    "node_modules/path-parse": {
      "version": "1.0.7",
      "license": "MIT"
    },
    "node_modules/resolve": {
      "version": "1.22.11",
      "license": "MIT",
      "dependencies": {
        "is-core-module": "^2.16.1",
        "path-parse": "^1.0.7",
        "supports-preserve-symlinks-flag": "^1.0.0"
      },
      "bin": {
        "resolve": "bin/resolve"
      },
      "engines": {
        "node": ">= 0.4"
      },
      "funding": {
        "url": "https://github.com/sponsors/ljharb"
      }
    },
    "node_modules/supports-preserve-symlinks-flag": {
      "version": "1.0.0",
      "license": "MIT",
      "engines": {
        "node": ">= 0.4"
      },
      "funding": {
        "url": "https://github.com/sponsors/ljharb"
      }
    },
    "node_modules/undici-types": {
      "version": "7.16.0",
      "dev": true,
      "license": "MIT"
    }
  }
}
